
Microsoft Visual Studio Solution File, Format Version 12.00
# Visual Studio Version 17
VisualStudioVersion = 17.4.33110.190
MinimumVisualStudioVersion = 10.0.40219.1
Project("{9A19103F-16F7-4668-BE54-9A1E7A4F7556}") = "TmBussines.Web", "TmBussines.Web\TmBussines.Web.csproj", "{7C13A9AC-92D8-490A-A627-9696EAA3E130}"
EndProject
Project("{9A19103F-16F7-4668-BE54-9A1E7A4F7556}") = "TmBussines.WebTest", "TmBussines.WebTest\TmBussines.WebTest.csproj", "{17C72AE1-EAAD-44B8-B3DE-8AF3644504E9}"
EndProject
Project("{9A19103F-16F7-4668-BE54-9A1E7A4F7556}") = "TmBussines.WebMvcTest", "TmBussines.WebMvcTest\TmBussines.WebMvcTest.csproj", "{11C238AD-F0E4-484D-9537-A609F8562FA9}"
EndProject
Project("{9A19103F-16F7-4668-BE54-9A1E7A4F7556}") = "WorkerService", "WorkerService\WorkerService.csproj", "{476EEA08-54EC-4E07-8A71-E2D41DEF6796}"
EndProject
Project("{9A19103F-16F7-4668-BE54-9A1E7A4F7556}") = "TmBussines.WebServerOffice", "TmBussines.WebServerOffice\TmBussines.WebServerOffice.csproj", "{D2909463-7787-4765-A547-FD0DE3ED825C}"
EndProject
Global
	GlobalSection(SolutionConfigurationPlatforms) = preSolution
		Debug|Any CPU = Debug|Any CPU
		Release|Any CPU = Release|Any CPU
	EndGlobalSection
	GlobalSection(ProjectConfigurationPlatforms) = postSolution
		{7C13A9AC-92D8-490A-A627-9696EAA3E130}.Debug|Any CPU.ActiveCfg = Debug|Any CPU
		{7C13A9AC-92D8-490A-A627-9696EAA3E130}.Debug|Any CPU.Build.0 = Debug|Any CPU
		{7C13A9AC-92D8-490A-A627-9696EAA3E130}.Release|Any CPU.ActiveCfg = Release|Any CPU
		{7C13A9AC-92D8-490A-A627-9696EAA3E130}.Release|Any CPU.Build.0 = Release|Any CPU
		{17C72AE1-EAAD-44B8-B3DE-8AF3644504E9}.Debug|Any CPU.ActiveCfg = Debug|Any CPU
		{17C72AE1-EAAD-44B8-B3DE-8AF3644504E9}.Debug|Any CPU.Build.0 = Debug|Any CPU
		{17C72AE1-EAAD-44B8-B3DE-8AF3644504E9}.Release|Any CPU.ActiveCfg = Release|Any CPU
		{17C72AE1-EAAD-44B8-B3DE-8AF3644504E9}.Release|Any CPU.Build.0 = Release|Any CPU
		{11C238AD-F0E4-484D-9537-A609F8562FA9}.Debug|Any CPU.ActiveCfg = Debug|Any CPU
		{11C238AD-F0E4-484D-9537-A609F8562FA9}.Debug|Any CPU.Build.0 = Debug|Any CPU
		{11C238AD-F0E4-484D-9537-A609F8562FA9}.Release|Any CPU.ActiveCfg = Release|Any CPU
		{11C238AD-F0E4-484D-9537-A609F8562FA9}.Release|Any CPU.Build.0 = Release|Any CPU
		{476EEA08-54EC-4E07-8A71-E2D41DEF6796}.Debug|Any CPU.ActiveCfg = Debug|Any CPU
		{476EEA08-54EC-4E07-8A71-E2D41DEF6796}.Debug|Any CPU.Build.0 = Debug|Any CPU
		{476EEA08-54EC-4E07-8A71-E2D41DEF6796}.Release|Any CPU.ActiveCfg = Release|Any CPU
		{476EEA08-54EC-4E07-8A71-E2D41DEF6796}.Release|Any CPU.Build.0 = Release|Any CPU
		{D2909463-7787-4765-A547-FD0DE3ED825C}.Debug|Any CPU.ActiveCfg = Debug|Any CPU
		{D2909463-7787-4765-A547-FD0DE3ED825C}.Debug|Any CPU.Build.0 = Debug|Any CPU
		{D2909463-7787-4765-A547-FD0DE3ED825C}.Release|Any CPU.ActiveCfg = Release|Any CPU
		{D2909463-7787-4765-A547-FD0DE3ED825C}.Release|Any CPU.Build.0 = Release|Any CPU
	EndGlobalSection
	GlobalSection(SolutionProperties) = preSolution
		HideSolutionNode = FALSE
	EndGlobalSection
	GlobalSection(ExtensibilityGlobals) = postSolution
		SolutionGuid = {7587AA43-00B6-4BDD-8053-5F0EC2D1F946}
	EndGlobalSection
EndGlobal
